Microsoft Visual Studio Solution File, Format Version 11.00
# Visual Studio 2008

Project("{74E5D86C-91F9-62F7-5AF3-E51862186333}") = "CannonBall", "Assembly-CSharp.csproj", "{6B90D50D-3FFE-B358-A69B-FF6555B2E85B}"
EndProject
Project("{74E5D86C-91F9-62F7-5AF3-E51862186333}") = "CannonBall", "Assembly-UnityScript-firstpass.unityproj", "{3EFFEA5C-BB22-4F02-5645-40BAAFF440DC}"
EndProject
Global
	GlobalSection(SolutionConfigurationPlatforms) = preSolution
		Debug|Any CPU = Debug|Any CPU
		Release|Any CPU = Release|Any CPU
	EndGlobalSection
	GlobalSection(ProjectConfigurationPlatforms) = postSolution
		{6B90D50D-3FFE-B358-A69B-FF6555B2E85B}.Debug|Any CPU.ActiveCfg = Debug|Any CPU
		{6B90D50D-3FFE-B358-A69B-FF6555B2E85B}.Debug|Any CPU.Build.0 = Debug|Any CPU
		{6B90D50D-3FFE-B358-A69B-FF6555B2E85B}.Release|Any CPU.ActiveCfg = Release|Any CPU
		{6B90D50D-3FFE-B358-A69B-FF6555B2E85B}.Release|Any CPU.Build.0 = Release|Any CPU
		{3EFFEA5C-BB22-4F02-5645-40BAAFF440DC}.Debug|Any CPU.ActiveCfg = Debug|Any CPU
		{3EFFEA5C-BB22-4F02-5645-40BAAFF440DC}.Debug|Any CPU.Build.0 = Debug|Any CPU
		{3EFFEA5C-BB22-4F02-5645-40BAAFF440DC}.Release|Any CPU.ActiveCfg = Release|Any CPU
		{3EFFEA5C-BB22-4F02-5645-40BAAFF440DC}.Release|Any CPU.Build.0 = Release|Any CPU
	EndGlobalSection
	GlobalSection(SolutionProperties) = preSolution
		HideSolutionNode = FALSE
	EndGlobalSection
																	GlobalSection(MonoDevelopProperties) = preSolution
		StartupItem = Assembly-CSharp.csproj
		Policies = $0
		$0.TextStylePolicy = $1
		$1.inheritsSet = null
		$1.scope = text/x-csharp
		$0.CSharpFormattingPolicy = $2
		$2.inheritsSet = Mono
		$2.inheritsScope = text/x-csharp
		$2.scope = text/x-csharp
		$0.TextStylePolicy = $3
		$3.FileWidth = 120
		$3.TabWidth = 4
		$3.EolMarker = Unix
		$3.inheritsSet = Mono
		$3.inheritsScope = text/plain
		$3.scope = text/plain
	EndGlobalSection

EndGlobal
